{
  "version": 4,
  "terraform_version": "0.15.0",
  "serial": 22,
  "lineage": "7cfe9c5e-3946-e76c-f1a7-216cff3aafef",
  "outputs": {},
  "resources": [
    {
      "mode": "managed",
      "type": "azurerm_app_service_plan",
      "name": "servicePlan",
      "provider": "provider[\"registry.terraform.io/hashicorp/azurerm\"]",
      "instances": [
        {
          "schema_version": 0,
          "attributes": {
            "app_service_environment_id": "",
            "id": "/subscriptions/b4c8a399-d19a-4998-871d-13a4ddcc8521/resourceGroups/free-azure/providers/Microsoft.Web/serverfarms/service-plan",
            "is_xenon": false,
            "kind": "functionapp",
            "location": "westeurope",
            "maximum_elastic_worker_count": 1,
            "maximum_number_of_workers": 0,
            "name": "service-plan",
            "per_site_scaling": false,
            "reserved": false,
            "resource_group_name": "free-azure",
            "sku": [
              {
                "capacity": 0,
                "size": "Y1",
                "tier": "Dynamic"
              }
            ],
            "tags": {},
            "timeouts": null
          },
          "sensitive_attributes": [],
          "private": "eyJlMmJmYjczMC1lY2FhLTExZTYtOGY4OC0zNDM2M2JjN2M0YzAiOnsiY3JlYXRlIjozNjAwMDAwMDAwMDAwLCJkZWxldGUiOjM2MDAwMDAwMDAwMDAsInJlYWQiOjMwMDAwMDAwMDAwMCwidXBkYXRlIjozNjAwMDAwMDAwMDAwfX0=",
          "dependencies": [
            "azurerm_resource_group.rg"
          ]
        }
      ]
    },
    {
      "mode": "managed",
      "type": "azurerm_cosmosdb_account",
      "name": "db",
      "provider": "provider[\"registry.terraform.io/hashicorp/azurerm\"]",
      "instances": [
        {
          "schema_version": 0,
          "attributes": {
            "analytical_storage_enabled": false,
            "capabilities": [
              {
                "name": "EnableAggregationPipeline"
              },
              {
                "name": "EnableMongo"
              },
              {
                "name": "MongoDBv3.4"
              },
              {
                "name": "mongoEnableDocLevelTTL"
              }
            ],
            "connection_strings": [
              "mongodb://tfex-cosmos-db-22092:ulfFe48jLrAgktmyfWVcVrA65uPu3kZnbrk7bhrsXfKsmBZxN7b83t8nlGCGZgIpEQOHV7gxLYpTUUU2HbiavQ==@tfex-cosmos-db-22092.mongo.cosmos.azure.com:10255/?ssl=true\u0026replicaSet=globaldb\u0026retrywrites=false\u0026maxIdleTimeMS=120000\u0026appName=@tfex-cosmos-db-22092@",
              "mongodb://tfex-cosmos-db-22092:8tOItz1ITFj4PJWUuld8C8dToqwM4vNTVp0GqvtpT3HFXVWg0sqjYq6TU2eUohxKxwKfVshhd2Ms3sdtssgRFA==@tfex-cosmos-db-22092.mongo.cosmos.azure.com:10255/?ssl=true\u0026replicaSet=globaldb\u0026retrywrites=false\u0026maxIdleTimeMS=120000\u0026appName=@tfex-cosmos-db-22092@",
              "mongodb://tfex-cosmos-db-22092:LhHwblBk6fIWf5mwK2bLFXMFNtTLhxwjWlbSVwGeHqZmdulAoqyBLO8fLRmW5Io35NOzmjyRsel2fL687ppUAQ==@tfex-cosmos-db-22092.mongo.cosmos.azure.com:10255/?ssl=true\u0026replicaSet=globaldb\u0026retrywrites=false\u0026maxIdleTimeMS=120000\u0026appName=@tfex-cosmos-db-22092@",
              "mongodb://tfex-cosmos-db-22092:5giHXI0QOP9K8YVejRJKIumsYJdB2NYfQE6MOi7MnJAWWFlkKp8ePX1CIJOAB5vkDNAMgp7oahyBFwV2IsQkJg==@tfex-cosmos-db-22092.mongo.cosmos.azure.com:10255/?ssl=true\u0026replicaSet=globaldb\u0026retrywrites=false\u0026maxIdleTimeMS=120000\u0026appName=@tfex-cosmos-db-22092@"
            ],
            "consistency_policy": [
              {
                "consistency_level": "BoundedStaleness",
                "max_interval_in_seconds": 10,
                "max_staleness_prefix": 200
              }
            ],
            "enable_automatic_failover": false,
            "enable_free_tier": true,
            "enable_multiple_write_locations": false,
            "endpoint": "https://tfex-cosmos-db-22092.documents.azure.com:443/",
            "geo_location": [
              {
                "failover_priority": 0,
                "id": "tfex-cosmos-db-22092-westeurope",
                "location": "westeurope",
                "prefix": "",
                "zone_redundant": false
              }
            ],
            "id": "/subscriptions/b4c8a399-d19a-4998-871d-13a4ddcc8521/resourceGroups/free-azure/providers/Microsoft.DocumentDB/databaseAccounts/tfex-cosmos-db-22092",
            "ip_range_filter": "",
            "is_virtual_network_filter_enabled": false,
            "key_vault_key_id": null,
            "kind": "MongoDB",
            "location": "westeurope",
            "name": "tfex-cosmos-db-22092",
            "offer_type": "Standard",
            "primary_key": "ulfFe48jLrAgktmyfWVcVrA65uPu3kZnbrk7bhrsXfKsmBZxN7b83t8nlGCGZgIpEQOHV7gxLYpTUUU2HbiavQ==",
            "primary_master_key": "ulfFe48jLrAgktmyfWVcVrA65uPu3kZnbrk7bhrsXfKsmBZxN7b83t8nlGCGZgIpEQOHV7gxLYpTUUU2HbiavQ==",
            "primary_readonly_key": "LhHwblBk6fIWf5mwK2bLFXMFNtTLhxwjWlbSVwGeHqZmdulAoqyBLO8fLRmW5Io35NOzmjyRsel2fL687ppUAQ==",
            "primary_readonly_master_key": "LhHwblBk6fIWf5mwK2bLFXMFNtTLhxwjWlbSVwGeHqZmdulAoqyBLO8fLRmW5Io35NOzmjyRsel2fL687ppUAQ==",
            "public_network_access_enabled": true,
            "read_endpoints": [
              "https://tfex-cosmos-db-22092-westeurope.documents.azure.com:443/"
            ],
            "resource_group_name": "free-azure",
            "secondary_key": "8tOItz1ITFj4PJWUuld8C8dToqwM4vNTVp0GqvtpT3HFXVWg0sqjYq6TU2eUohxKxwKfVshhd2Ms3sdtssgRFA==",
            "secondary_master_key": "8tOItz1ITFj4PJWUuld8C8dToqwM4vNTVp0GqvtpT3HFXVWg0sqjYq6TU2eUohxKxwKfVshhd2Ms3sdtssgRFA==",
            "secondary_readonly_key": "5giHXI0QOP9K8YVejRJKIumsYJdB2NYfQE6MOi7MnJAWWFlkKp8ePX1CIJOAB5vkDNAMgp7oahyBFwV2IsQkJg==",
            "secondary_readonly_master_key": "5giHXI0QOP9K8YVejRJKIumsYJdB2NYfQE6MOi7MnJAWWFlkKp8ePX1CIJOAB5vkDNAMgp7oahyBFwV2IsQkJg==",
            "tags": null,
            "timeouts": null,
            "virtual_network_rule": [],
            "write_endpoints": [
              "https://tfex-cosmos-db-22092-westeurope.documents.azure.com:443/"
            ]
          },
          "sensitive_attributes": [],
          "private": "eyJlMmJmYjczMC1lY2FhLTExZTYtOGY4OC0zNDM2M2JjN2M0YzAiOnsiY3JlYXRlIjoxMDgwMDAwMDAwMDAwMCwiZGVsZXRlIjoxMDgwMDAwMDAwMDAwMCwicmVhZCI6MzAwMDAwMDAwMDAwLCJ1cGRhdGUiOjEwODAwMDAwMDAwMDAwfX0=",
          "dependencies": [
            "azurerm_resource_group.rg",
            "random_integer.ri"
          ]
        }
      ]
    },
    {
      "mode": "managed",
      "type": "azurerm_function_app",
      "name": "functionApp",
      "provider": "provider[\"registry.terraform.io/hashicorp/azurerm\"]",
      "instances": [
        {
          "schema_version": 0,
          "attributes": {
            "app_service_plan_id": "/subscriptions/b4c8a399-d19a-4998-871d-13a4ddcc8521/resourceGroups/free-azure/providers/Microsoft.Web/serverfarms/service-plan",
            "app_settings": {},
            "auth_settings": [
              {
                "active_directory": [],
                "additional_login_params": {},
                "allowed_external_redirect_urls": [],
                "default_provider": "",
                "enabled": false,
                "facebook": [],
                "google": [],
                "issuer": "",
                "microsoft": [],
                "runtime_version": "",
                "token_refresh_extension_hours": 0,
                "token_store_enabled": false,
                "twitter": [],
                "unauthenticated_client_action": ""
              }
            ],
            "client_affinity_enabled": false,
            "client_cert_mode": "",
            "connection_string": [],
            "custom_domain_verification_id": "913DA2269FBD253C853048BDB49B077B2D44AD497EC7EB11C13B76A2D2DCB051",
            "daily_memory_time_quota": 0,
            "default_hostname": "function-app-22092.azurewebsites.net",
            "enable_builtin_logging": true,
            "enabled": true,
            "https_only": false,
            "id": "/subscriptions/b4c8a399-d19a-4998-871d-13a4ddcc8521/resourceGroups/free-azure/providers/Microsoft.Web/sites/function-app-22092",
            "identity": [],
            "kind": "functionapp",
            "location": "westeurope",
            "name": "function-app-22092",
            "os_type": "",
            "outbound_ip_addresses": "20.73.233.133,20.73.233.186,20.73.238.52,20.73.239.10,20.73.239.153,20.73.239.154,20.50.2.33",
            "possible_outbound_ip_addresses": "20.73.233.133,20.73.233.186,20.73.238.52,20.73.239.10,20.73.239.153,20.73.239.154,20.73.239.160,20.73.112.106,20.73.112.111,20.73.112.143,20.73.112.153,20.73.113.60,20.73.113.133,20.73.113.175,20.73.113.192,20.73.113.199,20.73.114.46,20.73.114.80,20.73.114.83,20.73.114.88,20.73.114.105,20.73.114.165,20.73.114.206,20.73.237.142,20.73.115.12,20.71.75.226,20.73.115.29,20.73.115.77,20.73.115.118,20.73.115.135,20.50.2.33",
            "resource_group_name": "free-azure",
            "site_config": [
              {
                "always_on": false,
                "auto_swap_slot_name": "",
                "cors": [
                  {
                    "allowed_origins": [
                      "https://functions-next.azure.com",
                      "https://functions-staging.azure.com",
                      "https://functions.azure.com"
                    ],
                    "support_credentials": false
                  }
                ],
                "ftps_state": "AllAllowed",
                "health_check_path": "",
                "http2_enabled": false,
                "ip_restriction": [],
                "linux_fx_version": "",
                "min_tls_version": "1.2",
                "pre_warmed_instance_count": 0,
                "scm_ip_restriction": [],
                "scm_type": "None",
                "scm_use_main_ip_restriction": false,
                "use_32_bit_worker_process": true,
                "websockets_enabled": false
              }
            ],
            "site_credential": [
              {
                "password": "S7Rt19kZuDDrWhMtZEf7oXAFYCH1QhBaKWLgWLrwtABYZlopf0BEjuMCFktD",
                "username": "$function-app-22092"
              }
            ],
            "source_control": [
              {
                "branch": "master",
                "manual_integration": false,
                "repo_url": "",
                "rollback_enabled": false,
                "use_mercurial": false
              }
            ],
            "storage_account_access_key": "Udp4q2Rtc6S6LzJqqbZFUdV7ySsVeJ21tkbQhhDw+rDxutu7ivDRuiBvJ1R4LgT4XESxzBBh/XtEC+492StuXw==",
            "storage_account_name": "functionsapp22092",
            "storage_connection_string": "DefaultEndpointsProtocol=https;AccountName=functionsapp22092;AccountKey=Udp4q2Rtc6S6LzJqqbZFUdV7ySsVeJ21tkbQhhDw+rDxutu7ivDRuiBvJ1R4LgT4XESxzBBh/XtEC+492StuXw==;EndpointSuffix=core.windows.net",
            "tags": null,
            "timeouts": null,
            "version": "~1"
          },
          "sensitive_attributes": [
            [
              {
                "type": "get_attr",
                "value": "storage_account_access_key"
              }
            ]
          ],
          "private": "eyJlMmJmYjczMC1lY2FhLTExZTYtOGY4OC0zNDM2M2JjN2M0YzAiOnsiY3JlYXRlIjoxODAwMDAwMDAwMDAwLCJkZWxldGUiOjE4MDAwMDAwMDAwMDAsInJlYWQiOjMwMDAwMDAwMDAwMCwidXBkYXRlIjoxODAwMDAwMDAwMDAwfX0=",
          "dependencies": [
            "azurerm_app_service_plan.servicePlan",
            "azurerm_resource_group.rg",
            "azurerm_storage_account.storageAccount",
            "random_integer.ri"
          ]
        }
      ]
    },
    {
      "mode": "managed",
      "type": "azurerm_resource_group",
      "name": "rg",
      "provider": "provider[\"registry.terraform.io/hashicorp/azurerm\"]",
      "instances": [
        {
          "schema_version": 0,
          "attributes": {
            "id": "/subscriptions/b4c8a399-d19a-4998-871d-13a4ddcc8521/resourceGroups/free-azure",
            "location": "westeurope",
            "name": "free-azure",
            "tags": {},
            "timeouts": null
          },
          "sensitive_attributes": [],
          "private": "eyJlMmJmYjczMC1lY2FhLTExZTYtOGY4OC0zNDM2M2JjN2M0YzAiOnsiY3JlYXRlIjo1NDAwMDAwMDAwMDAwLCJkZWxldGUiOjU0MDAwMDAwMDAwMDAsInJlYWQiOjMwMDAwMDAwMDAwMCwidXBkYXRlIjo1NDAwMDAwMDAwMDAwfX0="
        }
      ]
    },
    {
      "mode": "managed",
      "type": "azurerm_storage_account",
      "name": "storageAccount",
      "provider": "provider[\"registry.terraform.io/hashicorp/azurerm\"]",
      "instances": [
        {
          "schema_version": 2,
          "attributes": {
            "access_tier": "Hot",
            "account_kind": "StorageV2",
            "account_replication_type": "LRS",
            "account_tier": "Standard",
            "allow_blob_public_access": false,
            "blob_properties": [],
            "custom_domain": [],
            "enable_https_traffic_only": true,
            "id": "/subscriptions/b4c8a399-d19a-4998-871d-13a4ddcc8521/resourceGroups/free-azure/providers/Microsoft.Storage/storageAccounts/functionsapp22092",
            "identity": [],
            "is_hns_enabled": false,
            "large_file_share_enabled": null,
            "location": "westeurope",
            "min_tls_version": "TLS1_0",
            "name": "functionsapp22092",
            "network_rules": [
              {
                "bypass": [
                  "AzureServices"
                ],
                "default_action": "Allow",
                "ip_rules": [],
                "virtual_network_subnet_ids": []
              }
            ],
            "primary_access_key": "Udp4q2Rtc6S6LzJqqbZFUdV7ySsVeJ21tkbQhhDw+rDxutu7ivDRuiBvJ1R4LgT4XESxzBBh/XtEC+492StuXw==",
            "primary_blob_connection_string": "DefaultEndpointsProtocol=https;BlobEndpoint=https://functionsapp22092.blob.core.windows.net/;AccountName=functionsapp22092;AccountKey=Udp4q2Rtc6S6LzJqqbZFUdV7ySsVeJ21tkbQhhDw+rDxutu7ivDRuiBvJ1R4LgT4XESxzBBh/XtEC+492StuXw==",
            "primary_blob_endpoint": "https://functionsapp22092.blob.core.windows.net/",
            "primary_blob_host": "functionsapp22092.blob.core.windows.net",
            "primary_connection_string": "DefaultEndpointsProtocol=https;AccountName=functionsapp22092;AccountKey=Udp4q2Rtc6S6LzJqqbZFUdV7ySsVeJ21tkbQhhDw+rDxutu7ivDRuiBvJ1R4LgT4XESxzBBh/XtEC+492StuXw==;EndpointSuffix=core.windows.net",
            "primary_dfs_endpoint": "https://functionsapp22092.dfs.core.windows.net/",
            "primary_dfs_host": "functionsapp22092.dfs.core.windows.net",
            "primary_file_endpoint": "https://functionsapp22092.file.core.windows.net/",
            "primary_file_host": "functionsapp22092.file.core.windows.net",
            "primary_location": "westeurope",
            "primary_queue_endpoint": "https://functionsapp22092.queue.core.windows.net/",
            "primary_queue_host": "functionsapp22092.queue.core.windows.net",
            "primary_table_endpoint": "https://functionsapp22092.table.core.windows.net/",
            "primary_table_host": "functionsapp22092.table.core.windows.net",
            "primary_web_endpoint": "https://functionsapp22092.z6.web.core.windows.net/",
            "primary_web_host": "functionsapp22092.z6.web.core.windows.net",
            "queue_properties": [
              {
                "cors_rule": [],
                "hour_metrics": [
                  {
                    "enabled": true,
                    "include_apis": true,
                    "retention_policy_days": 7,
                    "version": "1.0"
                  }
                ],
                "logging": [
                  {
                    "delete": false,
                    "read": false,
                    "retention_policy_days": 0,
                    "version": "1.0",
                    "write": false
                  }
                ],
                "minute_metrics": [
                  {
                    "enabled": false,
                    "include_apis": false,
                    "retention_policy_days": 0,
                    "version": "1.0"
                  }
                ]
              }
            ],
            "resource_group_name": "free-azure",
            "secondary_access_key": "yaJKYvxkBNpXLQV+Ziel7/QCYetX/6lxkM/nq95r27dSnW9N/SoL8jYR4Cr0liVVhAjOA9x0bgYEKdWaz1Gsfg==",
            "secondary_blob_connection_string": "",
            "secondary_blob_endpoint": null,
            "secondary_blob_host": null,
            "secondary_connection_string": "DefaultEndpointsProtocol=https;AccountName=functionsapp22092;AccountKey=yaJKYvxkBNpXLQV+Ziel7/QCYetX/6lxkM/nq95r27dSnW9N/SoL8jYR4Cr0liVVhAjOA9x0bgYEKdWaz1Gsfg==;EndpointSuffix=core.windows.net",
            "secondary_dfs_endpoint": null,
            "secondary_dfs_host": null,
            "secondary_file_endpoint": null,
            "secondary_file_host": null,
            "secondary_location": "",
            "secondary_queue_endpoint": null,
            "secondary_queue_host": null,
            "secondary_table_endpoint": null,
            "secondary_table_host": null,
            "secondary_web_endpoint": null,
            "secondary_web_host": null,
            "static_website": [],
            "tags": null,
            "timeouts": null
          },
          "sensitive_attributes": [],
          "private": "eyJlMmJmYjczMC1lY2FhLTExZTYtOGY4OC0zNDM2M2JjN2M0YzAiOnsiY3JlYXRlIjozNjAwMDAwMDAwMDAwLCJkZWxldGUiOjM2MDAwMDAwMDAwMDAsInJlYWQiOjMwMDAwMDAwMDAwMCwidXBkYXRlIjozNjAwMDAwMDAwMDAwfSwic2NoZW1hX3ZlcnNpb24iOiIyIn0=",
          "dependencies": [
            "azurerm_resource_group.rg",
            "random_integer.ri"
          ]
        }
      ]
    },
    {
      "mode": "managed",
      "type": "random_integer",
      "name": "ri",
      "provider": "provider[\"registry.terraform.io/hashicorp/random\"]",
      "instances": [
        {
          "schema_version": 0,
          "attributes": {
            "id": "22092",
            "keepers": null,
            "max": 99999,
            "min": 10000,
            "result": 22092,
            "seed": null
          },
          "sensitive_attributes": [],
          "private": "bnVsbA=="
        }
      ]
    }
  ]
}
